
Microsoft Visual Studio Solution File, Format Version 12.00
# Visual Studio Version 16
VisualStudioVersion = 16.0.30711.63
MinimumVisualStudioVersion = 10.0.40219.1
Project("{9A19103F-16F7-4668-BE54-9A1E7A4F7556}") = "StaticFileAccess", "StaticFileAccess\StaticFileAccess.csproj", "{540C0AED-B1C2-42CF-A7C6-579D9D97303C}"
EndProject
Project("{FAE04EC0-301F-11D3-BF4B-00C04F79EFBC}") = "LocalContentServ", "LocalContentServ\LocalContentServ.csproj", "{DD88F774-D33F-4792-9B9E-8FFACA19CB9C}"
EndProject
Global
	GlobalSection(SolutionConfigurationPlatforms) = preSolution
		Debug|Any CPU = Debug|Any CPU
		Release|Any CPU = Release|Any CPU
	EndGlobalSection
	GlobalSection(ProjectConfigurationPlatforms) = postSolution
		{540C0AED-B1C2-42CF-A7C6-579D9D97303C}.Debug|Any CPU.ActiveCfg = Debug|Any CPU
		{540C0AED-B1C2-42CF-A7C6-579D9D97303C}.Debug|Any CPU.Build.0 = Debug|Any CPU
		{540C0AED-B1C2-42CF-A7C6-579D9D97303C}.Release|Any CPU.ActiveCfg = Release|Any CPU
		{540C0AED-B1C2-42CF-A7C6-579D9D97303C}.Release|Any CPU.Build.0 = Release|Any CPU
		{DD88F774-D33F-4792-9B9E-8FFACA19CB9C}.Debug|Any CPU.ActiveCfg = Debug|Any CPU
		{DD88F774-D33F-4792-9B9E-8FFACA19CB9C}.Debug|Any CPU.Build.0 = Debug|Any CPU
		{DD88F774-D33F-4792-9B9E-8FFACA19CB9C}.Release|Any CPU.ActiveCfg = Release|Any CPU
		{DD88F774-D33F-4792-9B9E-8FFACA19CB9C}.Release|Any CPU.Build.0 = Release|Any CPU
	EndGlobalSection
	GlobalSection(SolutionProperties) = preSolution
		HideSolutionNode = FALSE
	EndGlobalSection
	GlobalSection(ExtensibilityGlobals) = postSolution
		SolutionGuid = {8DB91082-A5CB-4F53-A156-8DB05288C5BE}
	EndGlobalSection
EndGlobal
